
Microsoft Visual Studio Solution File, Format Version 12.00
# Visual Studio 14
VisualStudioVersion = 14.0.24720.0
MinimumVisualStudioVersion = 10.0.40219.1
Project("{2150E333-8FDC-42A3-9474-1A3956D46DE8}") = "1. Pressentation Layer", "1. Pressentation Layer", "{DDF80877-A911-4E59-A786-252240D22523}"
EndProject
Project("{2150E333-8FDC-42A3-9474-1A3956D46DE8}") = "2. Application Layer", "2. Application Layer", "{1A62904A-CE39-4F8C-B44B-63BDED6C4D64}"
EndProject
Project("{2150E333-8FDC-42A3-9474-1A3956D46DE8}") = "3. Domain Layer", "3. Domain Layer", "{A3E5D84A-F869-4290-9410-851F2B5A26C9}"
EndProject
Project("{2150E333-8FDC-42A3-9474-1A3956D46DE8}") = "4. Infrastructure Layer", "4. Infrastructure Layer", "{AB424026-8A1F-4FCF-9777-AB1C7A1649BD}"
EndProject
Project("{FAE04EC0-301F-11D3-BF4B-00C04F79EFBC}") = "NetFlow.Domain", "NetFlow.Domain\NetFlow.Domain.csproj", "{5795E132-4B0C-4BA9-ADFB-32163DD99817}"
EndProject
Project("{FAE04EC0-301F-11D3-BF4B-00C04F79EFBC}") = "NetFlow.UI.Consol", "NetFlow.UI.Consol\NetFlow.UI.Consol.csproj", "{56A2EA9B-6E7B-4782-A78E-74062ACC90D3}"
EndProject
Project("{FAE04EC0-301F-11D3-BF4B-00C04F79EFBC}") = "NetFlow.Api", "NetFlow.Api\NetFlow.Api.csproj", "{BC3A1463-D993-475B-AE7A-D2E740402771}"
EndProject
Project("{2150E333-8FDC-42A3-9474-1A3956D46DE8}") = "Test", "Test", "{09637A1A-348C-4F71-ABA6-D29B0BED2C57}"
EndProject
Project("{FAE04EC0-301F-11D3-BF4B-00C04F79EFBC}") = "NetFlow.Domain.Tests", "NetFlow.Domain.Tests\NetFlow.Domain.Tests.csproj", "{A7E8BDC0-68DE-4E5C-9EB5-A419F6B195AE}"
EndProject
Project("{FAE04EC0-301F-11D3-BF4B-00C04F79EFBC}") = "NetFlow.Infrastructure.NEventStore", "NetFlow.Infrastructure.NEventStore\NetFlow.Infrastructure.NEventStore.csproj", "{412A1EA2-3B7B-4314-B110-8B14227CCE4A}"
EndProject
Project("{2150E333-8FDC-42A3-9474-1A3956D46DE8}") = "Crosscutting", "Crosscutting", "{5694D6E4-6B20-4B27-A35C-87DC697F5FCD}"
EndProject
Project("{FAE04EC0-301F-11D3-BF4B-00C04F79EFBC}") = "NetFlow.CrossCutting", "NetFlow.CrossCutting\NetFlow.CrossCutting.csproj", "{E7AF289F-CC8C-4FB9-A056-A4CC684EF5CE}"
EndProject
Project("{FAE04EC0-301F-11D3-BF4B-00C04F79EFBC}") = "NetFlow.CrossCutting.Tests", "NetFlow.CrossCutting.Tests\NetFlow.CrossCutting.Tests.csproj", "{F6CAA0B7-1DE8-42C1-B12C-28DEBAE7BE3B}"
EndProject
Global
	GlobalSection(SolutionConfigurationPlatforms) = preSolution
		Debug|Any CPU = Debug|Any CPU
		Release|Any CPU = Release|Any CPU
	EndGlobalSection
	GlobalSection(ProjectConfigurationPlatforms) = postSolution
		{5795E132-4B0C-4BA9-ADFB-32163DD99817}.Debug|Any CPU.ActiveCfg = Debug|Any CPU
		{5795E132-4B0C-4BA9-ADFB-32163DD99817}.Debug|Any CPU.Build.0 = Debug|Any CPU
		{5795E132-4B0C-4BA9-ADFB-32163DD99817}.Release|Any CPU.ActiveCfg = Release|Any CPU
		{5795E132-4B0C-4BA9-ADFB-32163DD99817}.Release|Any CPU.Build.0 = Release|Any CPU
		{56A2EA9B-6E7B-4782-A78E-74062ACC90D3}.Debug|Any CPU.ActiveCfg = Debug|Any CPU
		{56A2EA9B-6E7B-4782-A78E-74062ACC90D3}.Debug|Any CPU.Build.0 = Debug|Any CPU
		{56A2EA9B-6E7B-4782-A78E-74062ACC90D3}.Release|Any CPU.ActiveCfg = Release|Any CPU
		{56A2EA9B-6E7B-4782-A78E-74062ACC90D3}.Release|Any CPU.Build.0 = Release|Any CPU
		{BC3A1463-D993-475B-AE7A-D2E740402771}.Debug|Any CPU.ActiveCfg = Debug|Any CPU
		{BC3A1463-D993-475B-AE7A-D2E740402771}.Debug|Any CPU.Build.0 = Debug|Any CPU
		{BC3A1463-D993-475B-AE7A-D2E740402771}.Release|Any CPU.ActiveCfg = Release|Any CPU
		{BC3A1463-D993-475B-AE7A-D2E740402771}.Release|Any CPU.Build.0 = Release|Any CPU
		{A7E8BDC0-68DE-4E5C-9EB5-A419F6B195AE}.Debug|Any CPU.ActiveCfg = Debug|Any CPU
		{A7E8BDC0-68DE-4E5C-9EB5-A419F6B195AE}.Debug|Any CPU.Build.0 = Debug|Any CPU
		{A7E8BDC0-68DE-4E5C-9EB5-A419F6B195AE}.Release|Any CPU.ActiveCfg = Release|Any CPU
		{A7E8BDC0-68DE-4E5C-9EB5-A419F6B195AE}.Release|Any CPU.Build.0 = Release|Any CPU
		{412A1EA2-3B7B-4314-B110-8B14227CCE4A}.Debug|Any CPU.ActiveCfg = Debug|Any CPU
		{412A1EA2-3B7B-4314-B110-8B14227CCE4A}.Debug|Any CPU.Build.0 = Debug|Any CPU
		{412A1EA2-3B7B-4314-B110-8B14227CCE4A}.Release|Any CPU.ActiveCfg = Release|Any CPU
		{412A1EA2-3B7B-4314-B110-8B14227CCE4A}.Release|Any CPU.Build.0 = Release|Any CPU
		{E7AF289F-CC8C-4FB9-A056-A4CC684EF5CE}.Debug|Any CPU.ActiveCfg = Debug|Any CPU
		{E7AF289F-CC8C-4FB9-A056-A4CC684EF5CE}.Debug|Any CPU.Build.0 = Debug|Any CPU
		{E7AF289F-CC8C-4FB9-A056-A4CC684EF5CE}.Release|Any CPU.ActiveCfg = Release|Any CPU
		{E7AF289F-CC8C-4FB9-A056-A4CC684EF5CE}.Release|Any CPU.Build.0 = Release|Any CPU
		{F6CAA0B7-1DE8-42C1-B12C-28DEBAE7BE3B}.Debug|Any CPU.ActiveCfg = Debug|Any CPU
		{F6CAA0B7-1DE8-42C1-B12C-28DEBAE7BE3B}.Debug|Any CPU.Build.0 = Debug|Any CPU
		{F6CAA0B7-1DE8-42C1-B12C-28DEBAE7BE3B}.Release|Any CPU.ActiveCfg = Release|Any CPU
		{F6CAA0B7-1DE8-42C1-B12C-28DEBAE7BE3B}.Release|Any CPU.Build.0 = Release|Any CPU
	EndGlobalSection
	GlobalSection(SolutionProperties) = preSolution
		HideSolutionNode = FALSE
	EndGlobalSection
	GlobalSection(NestedProjects) = preSolution
		{5795E132-4B0C-4BA9-ADFB-32163DD99817} = {A3E5D84A-F869-4290-9410-851F2B5A26C9}
		{56A2EA9B-6E7B-4782-A78E-74062ACC90D3} = {DDF80877-A911-4E59-A786-252240D22523}
		{BC3A1463-D993-475B-AE7A-D2E740402771} = {1A62904A-CE39-4F8C-B44B-63BDED6C4D64}
		{A7E8BDC0-68DE-4E5C-9EB5-A419F6B195AE} = {09637A1A-348C-4F71-ABA6-D29B0BED2C57}
		{412A1EA2-3B7B-4314-B110-8B14227CCE4A} = {AB424026-8A1F-4FCF-9777-AB1C7A1649BD}
		{E7AF289F-CC8C-4FB9-A056-A4CC684EF5CE} = {5694D6E4-6B20-4B27-A35C-87DC697F5FCD}
		{F6CAA0B7-1DE8-42C1-B12C-28DEBAE7BE3B} = {09637A1A-348C-4F71-ABA6-D29B0BED2C57}
	EndGlobalSection
EndGlobal
